// !$*UTF8*$!
{
	archiveVersion = 1;
	classes = {
	};
	objectVersion = 50;
	objects = {

/* Begin PBXBuildFile section */
		0A171D6021C94EAB002BA02A /* AppDelegate.swift in Sources */ = {isa = PBXBuildFile; fileRef = 0A171D5F21C94EAB002BA02A /* AppDelegate.swift */; };
		0A171D6221C94EAB002BA02A /* FirstViewController.swift in Sources */ = {isa = PBXBuildFile; fileRef = 0A171D6121C94EAB002BA02A /* FirstViewController.swift */; };
		0A171D6421C94EAB002BA02A /* SecondViewController.swift in Sources */ = {isa = PBXBuildFile; fileRef = 0A171D6321C94EAB002BA02A /* SecondViewController.swift */; };
		0A171D6721C94EAB002BA02A /* Main.storyboard in Resources */ = {isa = PBXBuildFile; fileRef = 0A171D6521C94EAB002BA02A /* Main.storyboard */; };
		0A171D6921C94EAD002BA02A /* Assets.xcassets in Resources */ = {isa = PBXBuildFile; fileRef = 0A171D6821C94EAD002BA02A /* Assets.xcassets */; };
		0A171D6C21C94EAD002BA02A /* LaunchScreen.storyboard in Resources */ = {isa = PBXBuildFile; fileRef = 0A171D6A21C94EAD002BA02A /* LaunchScreen.storyboard */; };
		B3BE02014565AFED0DA82166 /* Pods_ClientApp.framework in Frameworks */ = {isa = PBXBuildFile; fileRef = C9D51981714B5319CBCABB28 /* Pods_ClientApp.framework */; };
/* End PBXBuildFile section */

/* Begin PBXFileReference section */
		0A171D5C21C94EAB002BA02A /* ClientApp.app */ = {isa = PBXFileReference; explicitFileType = wrapper.application; includeInIndex = 0; path = ClientApp.app; sourceTree = BUILT_PRODUCTS_DIR; };
		0A171D5F21C94EAB002BA02A /* AppDelegate.swift */ = {isa = PBXFileReference; lastKnownFileType = sourcecode.swift; path = AppDelegate.swift; sourceTree = "<group>"; };
		0A171D6121C94EAB002BA02A /* FirstViewController.swift */ = {isa = PBXFileReference; lastKnownFileType = sourcecode.swift; path = FirstViewController.swift; sourceTree = "<group>"; };
		0A171D6321C94EAB002BA02A /* SecondViewController.swift */ = {isa = PBXFileReference; lastKnownFileType = sourcecode.swift; path = SecondViewController.swift; sourceTree = "<group>"; };
		0A171D6621C94EAB002BA02A /* Base */ = {isa = PBXFileReference; lastKnownFileType = file.storyboard; name = Base; path = Base.lproj/Main.storyboard; sourceTree = "<group>"; };
		0A171D6821C94EAD002BA02A /* Assets.xcassets */ = {isa = PBXFileReference; lastKnownFileType = folder.assetcatalog; path = Assets.xcassets; sourceTree = "<group>"; };
		0A171D6B21C94EAD002BA02A /* Base */ = {isa = PBXFileReference; lastKnownFileType = file.storyboard; name = Base; path = Base.lproj/LaunchScreen.storyboard; sourceTree = "<group>"; };
		0A171D6D21C94EAD002BA02A /* Info.plist */ = {isa = PBXFileReference; lastKnownFileType = text.plist.xml; path = Info.plist; sourceTree = "<group>"; };
		188AA3D999A9C38DB781636F /* Pods-ClientApp.release.xcconfig */ = {isa = PBXFileReference; includeInIndex = 1; lastKnownFileType = text.xcconfig; name = "Pods-ClientApp.release.xcconfig"; path = "Pods/Target Support Files/Pods-ClientApp/Pods-ClientApp.release.xcconfig"; sourceTree = "<group>"; };
		B095A6DD417863B6A1A4AC95 /* Pods-ClientApp.debug.xcconfig */ = {isa = PBXFileReference; includeInIndex = 1; lastKnownFileType = text.xcconfig; name = "Pods-ClientApp.debug.xcconfig"; path = "Pods/Target Support Files/Pods-ClientApp/Pods-ClientApp.debug.xcconfig"; sourceTree = "<group>"; };
		C9D51981714B5319CBCABB28 /* Pods_ClientApp.framework */ = {isa = PBXFileReference; explicitFileType = wrapper.framework; includeInIndex = 0; path = Pods_ClientApp.framework; sourceTree = BUILT_PRODUCTS_DIR; };
/* End PBXFileReference section */

/* Begin PBXFrameworksBuildPhase section */
		0A171D5921C94EAB002BA02A /* Frameworks */ = {
			isa = PBXFrameworksBuildPhase;
			buildActionMask = 2147483647;
			files = (
				B3BE02014565AFED0DA82166 /* Pods_ClientApp.framework in Frameworks */,
			);
			runOnlyForDeploymentPostprocessing = 0;
		};
/* End PBXFrameworksBuildPhase section */

/* Begin PBXGroup section */
		0A171D5321C94EAB002BA02A = {
			isa = PBXGroup;
			children = (
				0A171D5E21C94EAB002BA02A /* ClientApp */,
				0A171D5D21C94EAB002BA02A /* Products */,
				55305C8A89617170100B3EF1 /* Pods */,
				E078FD6E987A9621C241DE91 /* Frameworks */,
			);
			sourceTree = "<group>";
		};
		0A171D5D21C94EAB002BA02A /* Products */ = {
			isa = PBXGroup;
			children = (
				0A171D5C21C94EAB002BA02A /* ClientApp.app */,
			);
			name = Products;
			sourceTree = "<group>";
		};
		0A171D5E21C94EAB002BA02A /* ClientApp */ = {
			isa = PBXGroup;
			children = (
				0A171D5F21C94EAB002BA02A /* AppDelegate.swift */,
				0A171D6121C94EAB002BA02A /* FirstViewController.swift */,
				0A171D6321C94EAB002BA02A /* SecondViewController.swift */,
				0A171D6521C94EAB002BA02A /* Main.storyboard */,
				0A171D6821C94EAD002BA02A /* Assets.xcassets */,
				0A171D6A21C94EAD002BA02A /* LaunchScreen.storyboard */,
				0A171D6D21C94EAD002BA02A /* Info.plist */,
			);
			path = ClientApp;
			sourceTree = "<group>";
		};
		55305C8A89617170100B3EF1 /* Pods */ = {
			isa = PBXGroup;
			children = (
				B095A6DD417863B6A1A4AC95 /* Pods-ClientApp.debug.xcconfig */,
				188AA3D999A9C38DB781636F /* Pods-ClientApp.release.xcconfig */,
			);
			name = Pods;
			sourceTree = "<group>";
		};
		E078FD6E987A9621C241DE91 /* Frameworks */ = {
			isa = PBXGroup;
			children = (
				C9D51981714B5319CBCABB28 /* Pods_ClientApp.framework */,
			);
			name = Frameworks;
			sourceTree = "<group>";
		};
/* End PBXGroup section */

/* Begin PBXNativeTarget section */
		0A171D5B21C94EAB002BA02A /* ClientApp */ = {
			isa = PBXNativeTarget;
			buildConfigurationList = 0A171D7021C94EAD002BA02A /* Build configuration list for PBXNativeTarget "ClientApp" */;
			buildPhases = (
				BF94F8125A2F0B88E8B6730C /* [CP] Check Pods Manifest.lock */,
				0A171D5821C94EAB002BA02A /* Sources */,
				0A171D5921C94EAB002BA02A /* Frameworks */,
				0A171D5A21C94EAB002BA02A /* Resources */,
				65443D7D7C0A4AB6BA8FB948 /* [CP] Embed Pods Frameworks */,
			);
			buildRules = (
			);
			dependencies = (
			);
			name = ClientApp;
			productName = ClientApp;
			productReference = 0A171D5C21C94EAB002BA02A /* ClientApp.app */;
			productType = "com.apple.product-type.application";
		};
/* End PBXNativeTarget section */

/* Begin PBXProject section */
		0A171D5421C94EAB002BA02A /* Project object */ = {
			isa = PBXProject;
			attributes = {
				LastSwiftUpdateCheck = 1010;
				LastUpgradeCheck = 1010;
				ORGANIZATIONNAME = HKBU;
				TargetAttributes = {
					0A171D5B21C94EAB002BA02A = {
						CreatedOnToolsVersion = 10.1;
					};
				};
			};
			buildConfigurationList = 0A171D5721C94EAB002BA02A /* Build configuration list for PBXProject "ClientApp" */;
			compatibilityVersion = "Xcode 9.3";
			developmentRegion = en;
			hasScannedForEncodings = 0;
			knownRegions = (
				en,
				Base,
			);
			mainGroup = 0A171D5321C94EAB002BA02A;
			productRefGroup = 0A171D5D21C94EAB002BA02A /* Products */;
			projectDirPath = "";
			projectRoot = "";
			targets = (
				0A171D5B21C94EAB002BA02A /* ClientApp */,
			);
		};
/* End PBXProject section */

/* Begin PBXResourcesBuildPhase section */
		0A171D5A21C94EAB002BA02A /* Resources */ = {
			isa = PBXResourcesBuildPhase;
			buildActionMask = 2147483647;
			files = (
				0A171D6C21C94EAD002BA02A /* LaunchScreen.storyboard in Resources */,
				0A171D6921C94EAD002BA02A /* Assets.xcassets in Resources */,
				0A171D6721C94EAB002BA02A /* Main.storyboard in Resources */,
			);
			runOnlyForDeploymentPostprocessing = 0;
		};
/* End PBXResourcesBuildPhase section */

/* Begin PBXShellScriptBuildPhase section */
		65443D7D7C0A4AB6BA8FB948 /* [CP] Embed Pods Frameworks */ = {
			isa = PBXShellScriptBuildPhase;
			buildActionMask = 2147483647;
			files = (
			);
			inputFileListPaths = (
			);
			inputPaths = (
				"${SRCROOT}/Pods/Target Support Files/Pods-ClientApp/Pods-ClientApp-frameworks.sh",
				"${BUILT_PRODUCTS_DIR}/Alamofire/Alamofire.framework",
				"${BUILT_PRODUCTS_DIR}/SwiftyJSON/SwiftyJSON.framework",
			);
			name = "[CP] Embed Pods Frameworks";
			outputFileListPaths = (
			);
			outputPaths = (
				"${TARGET_BUILD_DIR}/${FRAMEWORKS_FOLDER_PATH}/Alamofire.framework",
				"${TARGET_BUILD_DIR}/${FRAMEWORKS_FOLDER_PATH}/SwiftyJSON.framework",
			);
			runOnlyForDeploymentPostprocessing = 0;
			shellPath = /bin/sh;
			shellScript = "\"${SRCROOT}/Pods/Target Support Files/Pods-ClientApp/Pods-ClientApp-frameworks.sh\"\n";
			showEnvVarsInLog = 0;
		};
		BF94F8125A2F0B88E8B6730C /* [CP] Check Pods Manifest.lock */ = {
			isa = PBXShellScriptBuildPhase;
			buildActionMask = 2147483647;
			files = (
			);
			inputFileListPaths = (
			);
			inputPaths = (
				"${PODS_PODFILE_DIR_PATH}/Podfile.lock",
				"${PODS_ROOT}/Manifest.lock",
			);
			name = "[CP] Check Pods Manifest.lock";
			outputFileListPaths = (
			);
			outputPaths = (
				"$(DERIVED_FILE_DIR)/Pods-ClientApp-checkManifestLockResult.txt",
			);
			runOnlyForDeploymentPostprocessing = 0;
			shellPath = /bin/sh;
			shellScript = "diff \"${PODS_PODFILE_DIR_PATH}/Podfile.lock\" \"${PODS_ROOT}/Manifest.lock\" > /dev/null\nif [ $? != 0 ] ; then\n    # print error to STDERR\n    echo \"error: The sandbox is not in sync with the Podfile.lock. Run 'pod install' or update your CocoaPods installation.\" >&2\n    exit 1\nfi\n# This output is used by Xcode 'outputs' to avoid re-running this script phase.\necho \"SUCCESS\" > \"${SCRIPT_OUTPUT_FILE_0}\"\n";
			showEnvVarsInLog = 0;
		};
/* End PBXShellScriptBuildPhase section */

/* Begin PBXSourcesBuildPhase section */
		0A171D5821C94EAB002BA02A /* Sources */ = {
			isa = PBXSourcesBuildPhase;
			buildActionMask = 2147483647;
			files = (
				0A171D6421C94EAB002BA02A /* SecondViewController.swift in Sources */,
				0A171D6021C94EAB002BA02A /* AppDelegate.swift in Sources */,
				0A171D6221C94EAB002BA02A /* FirstViewController.swift in Sources */,
			);
			runOnlyForDeploymentPostprocessing = 0;
		};
/* End PBXSourcesBuildPhase section */

/* Begin PBXVariantGroup section */
		0A171D6521C94EAB002BA02A /* Main.storyboard */ = {
			isa = PBXVariantGroup;
			children = (
				0A171D6621C94EAB002BA02A /* Base */,
			);
			name = Main.storyboard;
			sourceTree = "<group>";
		};
		0A171D6A21C94EAD002BA02A /* LaunchScreen.storyboard */ = {
			isa = PBXVariantGroup;
			children = (
				0A171D6B21C94EAD002BA02A /* Base */,
			);
			name = LaunchScreen.storyboard;
			sourceTree = "<group>";
		};
/* End PBXVariantGroup section */

/* Begin XCBuildConfiguration section */
		0A171D6E21C94EAD002BA02A /* Debug */ = {
			isa = XCBuildConfiguration;
			buildSettings = {
				ALWAYS_SEARCH_USER_PATHS = NO;
				CLANG_ANALYZER_NONNULL = YES;
				CLANG_ANALYZER_NUMBER_OBJECT_CONVERSION = YES_AGGRESSIVE;
				CLANG_CXX_LANGUAGE_STANDARD = "gnu++14";
				CLANG_CXX_LIBRARY = "libc++";
				CLANG_ENABLE_MODULES = YES;
				CLANG_ENABLE_OBJC_ARC = YES;
				CLANG_ENABLE_OBJC_WEAK = YES;
				CLANG_WARN_BLOCK_CAPTURE_AUTORELEASING = YES;
				CLANG_WARN_BOOL_CONVERSION = YES;
				CLANG_WARN_COMMA = YES;
				CLANG_WARN_CONSTANT_CONVERSION = YES;
				CLANG_WARN_DEPRECATED_OBJC_IMPLEMENTATIONS = YES;
				CLANG_WARN_DIRECT_OBJC_ISA_USAGE = YES_ERROR;
				CLANG_WARN_DOCUMENTATION_COMMENTS = YES;
				CLANG_WARN_EMPTY_BODY = YES;
				CLANG_WARN_ENUM_CONVERSION = YES;
				CLANG_WARN_INFINITE_RECURSION = YES;
				CLANG_WARN_INT_CONVERSION = YES;
				CLANG_WARN_NON_LITERAL_NULL_CONVERSION = YES;
				CLANG_WARN_OBJC_IMPLICIT_RETAIN_SELF = YES;
				CLANG_WARN_OBJC_LITERAL_CONVERSION = YES;
				CLANG_WARN_OBJC_ROOT_CLASS = YES_ERROR;
				CLANG_WARN_RANGE_LOOP_ANALYSIS = YES;
				CLANG_WARN_STRICT_PROTOTYPES = YES;
				CLANG_WARN_SUSPICIOUS_MOVE = YES;
				CLANG_WARN_UNGUARDED_AVAILABILITY = YES_AGGRESSIVE;
				CLANG_WARN_UNREACHABLE_CODE = YES;
				CLANG_WARN__DUPLICATE_METHOD_MATCH = YES;
				CODE_SIGN_IDENTITY = "iPhone Developer";
				COPY_PHASE_STRIP = NO;
				DEBUG_INFORMATION_FORMAT = dwarf;
				ENABLE_STRICT_OBJC_MSGSEND = YES;
				ENABLE_TESTABILITY = YES;
				GCC_C_LANGUAGE_STANDARD = gnu11;
				GCC_DYNAMIC_NO_PIC = NO;
				GCC_NO_COMMON_BLOCKS = YES;
				GCC_OPTIMIZATION_LEVEL = 0;
				GCC_PREPROCESSOR_DEFINITIONS = (
					"DEBUG=1",
					"$(inherited)",
				);
				GCC_WARN_64_TO_32_BIT_CONVERSION = YES;
				GCC_WARN_ABOUT_RETURN_TYPE = YES_ERROR;
				GCC_WARN_UNDECLARED_SELECTOR = YES;
				GCC_WARN_UNINITIALIZED_AUTOS = YES_AGGRESSIVE;
				GCC_WARN_UNUSED_FUNCTION = YES;
				GCC_WARN_UNUSED_VARIABLE = YES;
				IPHONEOS_DEPLOYMENT_TARGET = 12.1;
				MTL_ENABLE_DEBUG_INFO = INCLUDE_SOURCE;
				MTL_FAST_MATH = YES;
				ONLY_ACTIVE_ARCH = YES;
				SDKROOT = iphoneos;
				SWIFT_ACTIVE_COMPILATION_CONDITIONS = DEBUG;
				SWIFT_OPTIMIZATION_LEVEL = "-Onone";
			};
			name = Debug;
		};
		0A171D6F21C94EAD002BA02A /* Release */ = {
			isa = XCBuildConfiguration;
			buildSettings = {
				ALWAYS_SEARCH_USER_PATHS = NO;
				CLANG_ANALYZER_NONNULL = YES;
				CLANG_ANALYZER_NUMBER_OBJECT_CONVERSION = YES_AGGRESSIVE;
				CLANG_CXX_LANGUAGE_STANDARD = "gnu++14";
				CLANG_CXX_LIBRARY = "libc++";
				CLANG_ENABLE_MODULES = YES;
				CLANG_ENABLE_OBJC_ARC = YES;
				CLANG_ENABLE_OBJC_WEAK = YES;
				CLANG_WARN_BLOCK_CAPTURE_AUTORELEASING = YES;
				CLANG_WARN_BOOL_CONVERSION = YES;
				CLANG_WARN_COMMA = YES;
				CLANG_WARN_CONSTANT_CONVERSION = YES;
				CLANG_WARN_DEPRECATED_OBJC_IMPLEMENTATIONS = YES;
				CLANG_WARN_DIRECT_OBJC_ISA_USAGE = YES_ERROR;
				CLANG_WARN_DOCUMENTATION_COMMENTS = YES;
				CLANG_WARN_EMPTY_BODY = YES;
				CLANG_WARN_ENUM_CONVERSION = YES;
				CLANG_WARN_INFINITE_RECURSION = YES;
				CLANG_WARN_INT_CONVERSION = YES;
				CLANG_WARN_NON_LITERAL_NULL_CONVERSION = YES;
				CLANG_WARN_OBJC_IMPLICIT_RETAIN_SELF = YES;
				CLANG_WARN_OBJC_LITERAL_CONVERSION = YES;
				CLANG_WARN_OBJC_ROOT_CLASS = YES_ERROR;
				CLANG_WARN_RANGE_LOOP_ANALYSIS = YES;
				CLANG_WARN_STRICT_PROTOTYPES = YES;
				CLANG_WARN_SUSPICIOUS_MOVE = YES;
				CLANG_WARN_UNGUARDED_AVAILABILITY = YES_AGGRESSIVE;
				CLANG_WARN_UNREACHABLE_CODE = YES;
				CLANG_WARN__DUPLICATE_METHOD_MATCH = YES;
				CODE_SIGN_IDENTITY = "iPhone Developer";
				COPY_PHASE_STRIP = NO;
				DEBUG_INFORMATION_FORMAT = "dwarf-with-dsym";
				ENABLE_NS_ASSERTIONS = NO;
				ENABLE_STRICT_OBJC_MSGSEND = YES;
				GCC_C_LANGUAGE_STANDARD = gnu11;
				GCC_NO_COMMON_BLOCKS = YES;
				GCC_WARN_64_TO_32_BIT_CONVERSION = YES;
				GCC_WARN_ABOUT_RETURN_TYPE = YES_ERROR;
				GCC_WARN_UNDECLARED_SELECTOR = YES;
				GCC_WARN_UNINITIALIZED_AUTOS = YES_AGGRESSIVE;
				GCC_WARN_UNUSED_FUNCTION = YES;
				GCC_WARN_UNUSED_VARIABLE = YES;
				IPHONEOS_DEPLOYMENT_TARGET = 12.1;
				MTL_ENABLE_DEBUG_INFO = NO;
				MTL_FAST_MATH = YES;
				SDKROOT = iphoneos;
				SWIFT_COMPILATION_MODE = wholemodule;
				SWIFT_OPTIMIZATION_LEVEL = "-O";
				VALIDATE_PRODUCT = YES;
			};
			name = Release;
		};
		0A171D7121C94EAD002BA02A /* Debug */ = {
			isa = XCBuildConfiguration;
			baseConfigurationReference = B095A6DD417863B6A1A4AC95 /* Pods-ClientApp.debug.xcconfig */;
			buildSettings = {
				ASSETCATALOG_COMPILER_APPICON_NAME = AppIcon;
				CODE_SIGN_STYLE = Automatic;
				DEVELOPMENT_TEAM = 2867B572P4;
				INFOPLIST_FILE = ClientApp/Info.plist;
				IPHONEOS_DEPLOYMENT_TARGET = 12.0;
				LD_RUNPATH_SEARCH_PATHS = (
					"$(inherited)",
					"@executable_path/Frameworks",
				);
				PRODUCT_BUNDLE_IDENTIFIER = HKBU.ClientApp;
				PRODUCT_NAME = "$(TARGET_NAME)";
				SWIFT_VERSION = 4.2;
				TARGETED_DEVICE_FAMILY = "1,2";
			};
			name = Debug;
		};
		0A171D7221C94EAD002BA02A /* Release */ = {
			isa = XCBuildConfiguration;
			baseConfigurationReference = 188AA3D999A9C38DB781636F /* Pods-ClientApp.release.xcconfig */;
			buildSettings = {
				ASSETCATALOG_COMPILER_APPICON_NAME = AppIcon;
				CODE_SIGN_STYLE = Automatic;
				DEVELOPMENT_TEAM = 2867B572P4;
				INFOPLIST_FILE = ClientApp/Info.plist;
				IPHONEOS_DEPLOYMENT_TARGET = 12.0;
				LD_RUNPATH_SEARCH_PATHS = (
					"$(inherited)",
					"@executable_path/Frameworks",
				);
				PRODUCT_BUNDLE_IDENTIFIER = HKBU.ClientApp;
				PRODUCT_NAME = "$(TARGET_NAME)";
				SWIFT_VERSION = 4.2;
				TARGETED_DEVICE_FAMILY = "1,2";
			};
			name = Release;
		};
/* End XCBuildConfiguration section */

/* Begin XCConfigurationList section */
		0A171D5721C94EAB002BA02A /* Build configuration list for PBXProject "ClientApp" */ = {
			isa = XCConfigurationList;
			buildConfigurations = (
				0A171D6E21C94EAD002BA02A /* Debug */,
				0A171D6F21C94EAD002BA02A /* Release */,
			);
			defaultConfigurationIsVisible = 0;
			defaultConfigurationName = Release;
		};
		0A171D7021C94EAD002BA02A /* Build configuration list for PBXNativeTarget "ClientApp" */ = {
			isa = XCConfigurationList;
			buildConfigurations = (
				0A171D7121C94EAD002BA02A /* Debug */,
				0A171D7221C94EAD002BA02A /* Release */,
			);
			defaultConfigurationIsVisible = 0;
			defaultConfigurationName = Release;
		};
/* End XCConfigurationList section */
	};
	rootObject = 0A171D5421C94EAB002BA02A /* Project object */;
}
